
Microsoft Visual Studio Solution File, Format Version 12.00
# Visual Studio 15
VisualStudioVersion = 15.0.28010.2026
MinimumVisualStudioVersion = 10.0.40219.1
Project("{FAE04EC0-301F-11D3-BF4B-00C04F79EFBC}") = "RounderUpper.Function", "RounderUpper.Function\RounderUpper.Function.csproj", "{1FAC3BA6-5B0E-448F-A191-A9CF8DFD3999}"
EndProject
Project("{FAE04EC0-301F-11D3-BF4B-00C04F79EFBC}") = "StarlingBank.Contracts", "StarlingBank.Contracts\StarlingBank.Contracts.csproj", "{1FB808E9-535D-4CA4-815D-17E9845FBE21}"
EndProject
Global
	GlobalSection(SolutionConfigurationPlatforms) = preSolution
		Debug|Any CPU = Debug|Any CPU
		Release|Any CPU = Release|Any CPU
	EndGlobalSection
	GlobalSection(ProjectConfigurationPlatforms) = postSolution
		{1FAC3BA6-5B0E-448F-A191-A9CF8DFD3999}.Debug|Any CPU.ActiveCfg = Debug|Any CPU
		{1FAC3BA6-5B0E-448F-A191-A9CF8DFD3999}.Debug|Any CPU.Build.0 = Debug|Any CPU
		{1FAC3BA6-5B0E-448F-A191-A9CF8DFD3999}.Release|Any CPU.ActiveCfg = Release|Any CPU
		{1FAC3BA6-5B0E-448F-A191-A9CF8DFD3999}.Release|Any CPU.Build.0 = Release|Any CPU
		{1FB808E9-535D-4CA4-815D-17E9845FBE21}.Debug|Any CPU.ActiveCfg = Debug|Any CPU
		{1FB808E9-535D-4CA4-815D-17E9845FBE21}.Debug|Any CPU.Build.0 = Debug|Any CPU
		{1FB808E9-535D-4CA4-815D-17E9845FBE21}.Release|Any CPU.ActiveCfg = Release|Any CPU
		{1FB808E9-535D-4CA4-815D-17E9845FBE21}.Release|Any CPU.Build.0 = Release|Any CPU
	EndGlobalSection
	GlobalSection(SolutionProperties) = preSolution
		HideSolutionNode = FALSE
	EndGlobalSection
	GlobalSection(ExtensibilityGlobals) = postSolution
		SolutionGuid = {CCC26C71-92ED-4B91-AAF6-9D1AFBD861C1}
	EndGlobalSection
EndGlobal
